
Microsoft Visual Studio Solution File, Format Version 12.00
# Visual Studio 15
VisualStudioVersion = 15.0.26124.0
MinimumVisualStudioVersion = 15.0.26124.0
Project("{2150E333-8FDC-42A3-9474-1A3956D46DE8}") = "src", "src", "{4D86B9B4-7239-43A7-9EB4-09D3AC3B485B}"
EndProject
Project("{FAE04EC0-301F-11D3-BF4B-00C04F79EFBC}") = "GradeBook", "src\GradeBook\GradeBook.csproj", "{27F0A419-3675-4547-8951-41E7C3D24B3B}"
EndProject
Project("{2150E333-8FDC-42A3-9474-1A3956D46DE8}") = "test", "test", "{3C647593-7777-4911-839F-4DEABC97226E}"
EndProject
Project("{FAE04EC0-301F-11D3-BF4B-00C04F79EFBC}") = "GradeBook.Tests", "test\GradeBook.Tests\GradeBook.Tests.csproj", "{91B85319-B430-428F-9E51-FC77961A45E5}"
EndProject
Global
	GlobalSection(SolutionConfigurationPlatforms) = preSolution
		Debug|Any CPU = Debug|Any CPU
		Debug|x64 = Debug|x64
		Debug|x86 = Debug|x86
		Release|Any CPU = Release|Any CPU
		Release|x64 = Release|x64
		Release|x86 = Release|x86
	EndGlobalSection
	GlobalSection(SolutionProperties) = preSolution
		HideSolutionNode = FALSE
	EndGlobalSection
	GlobalSection(ProjectConfigurationPlatforms) = postSolution
		{27F0A419-3675-4547-8951-41E7C3D24B3B}.Debug|Any CPU.ActiveCfg = Debug|Any CPU
		{27F0A419-3675-4547-8951-41E7C3D24B3B}.Debug|Any CPU.Build.0 = Debug|Any CPU
		{27F0A419-3675-4547-8951-41E7C3D24B3B}.Debug|x64.ActiveCfg = Debug|Any CPU
		{27F0A419-3675-4547-8951-41E7C3D24B3B}.Debug|x64.Build.0 = Debug|Any CPU
		{27F0A419-3675-4547-8951-41E7C3D24B3B}.Debug|x86.ActiveCfg = Debug|Any CPU
		{27F0A419-3675-4547-8951-41E7C3D24B3B}.Debug|x86.Build.0 = Debug|Any CPU
		{27F0A419-3675-4547-8951-41E7C3D24B3B}.Release|Any CPU.ActiveCfg = Release|Any CPU
		{27F0A419-3675-4547-8951-41E7C3D24B3B}.Release|Any CPU.Build.0 = Release|Any CPU
		{27F0A419-3675-4547-8951-41E7C3D24B3B}.Release|x64.ActiveCfg = Release|Any CPU
		{27F0A419-3675-4547-8951-41E7C3D24B3B}.Release|x64.Build.0 = Release|Any CPU
		{27F0A419-3675-4547-8951-41E7C3D24B3B}.Release|x86.ActiveCfg = Release|Any CPU
		{27F0A419-3675-4547-8951-41E7C3D24B3B}.Release|x86.Build.0 = Release|Any CPU
		{91B85319-B430-428F-9E51-FC77961A45E5}.Debug|Any CPU.ActiveCfg = Debug|Any CPU
		{91B85319-B430-428F-9E51-FC77961A45E5}.Debug|Any CPU.Build.0 = Debug|Any CPU
		{91B85319-B430-428F-9E51-FC77961A45E5}.Debug|x64.ActiveCfg = Debug|Any CPU
		{91B85319-B430-428F-9E51-FC77961A45E5}.Debug|x64.Build.0 = Debug|Any CPU
		{91B85319-B430-428F-9E51-FC77961A45E5}.Debug|x86.ActiveCfg = Debug|Any CPU
		{91B85319-B430-428F-9E51-FC77961A45E5}.Debug|x86.Build.0 = Debug|Any CPU
		{91B85319-B430-428F-9E51-FC77961A45E5}.Release|Any CPU.ActiveCfg = Release|Any CPU
		{91B85319-B430-428F-9E51-FC77961A45E5}.Release|Any CPU.Build.0 = Release|Any CPU
		{91B85319-B430-428F-9E51-FC77961A45E5}.Release|x64.ActiveCfg = Release|Any CPU
		{91B85319-B430-428F-9E51-FC77961A45E5}.Release|x64.Build.0 = Release|Any CPU
		{91B85319-B430-428F-9E51-FC77961A45E5}.Release|x86.ActiveCfg = Release|Any CPU
		{91B85319-B430-428F-9E51-FC77961A45E5}.Release|x86.Build.0 = Release|Any CPU
	EndGlobalSection
	GlobalSection(NestedProjects) = preSolution
		{27F0A419-3675-4547-8951-41E7C3D24B3B} = {4D86B9B4-7239-43A7-9EB4-09D3AC3B485B}
		{91B85319-B430-428F-9E51-FC77961A45E5} = {3C647593-7777-4911-839F-4DEABC97226E}
	EndGlobalSection
EndGlobal
